
Microsoft Visual Studio Solution File, Format Version 12.00
# Visual Studio 15
VisualStudioVersion = 15.0.27428.2005
MinimumVisualStudioVersion = 10.0.40219.1
Project("{FAE04EC0-301F-11D3-BF4B-00C04F79EFBC}") = "Palindrom", "Palindrom\Palindrom.csproj", "{71454CF0-BAD9-4B70-BAA8-18CF13BECF58}"
EndProject
Project("{FAE04EC0-301F-11D3-BF4B-00C04F79EFBC}") = "Palindrom.Test", "Palindrom.Test\Palindrom.Test.csproj", "{868C2105-0BFA-4FC8-9C18-1A883E7EA6E6}"
EndProject
Global
	GlobalSection(SolutionConfigurationPlatforms) = preSolution
		Debug|Any CPU = Debug|Any CPU
		Release|Any CPU = Release|Any CPU
	EndGlobalSection
	GlobalSection(ProjectConfigurationPlatforms) = postSolution
		{71454CF0-BAD9-4B70-BAA8-18CF13BECF58}.Debug|Any CPU.ActiveCfg = Debug|Any CPU
		{71454CF0-BAD9-4B70-BAA8-18CF13BECF58}.Debug|Any CPU.Build.0 = Debug|Any CPU
		{71454CF0-BAD9-4B70-BAA8-18CF13BECF58}.Release|Any CPU.ActiveCfg = Release|Any CPU
		{71454CF0-BAD9-4B70-BAA8-18CF13BECF58}.Release|Any CPU.Build.0 = Release|Any CPU
		{868C2105-0BFA-4FC8-9C18-1A883E7EA6E6}.Debug|Any CPU.ActiveCfg = Debug|Any CPU
		{868C2105-0BFA-4FC8-9C18-1A883E7EA6E6}.Debug|Any CPU.Build.0 = Debug|Any CPU
		{868C2105-0BFA-4FC8-9C18-1A883E7EA6E6}.Release|Any CPU.ActiveCfg = Release|Any CPU
		{868C2105-0BFA-4FC8-9C18-1A883E7EA6E6}.Release|Any CPU.Build.0 = Release|Any CPU
	EndGlobalSection
	GlobalSection(SolutionProperties) = preSolution
		HideSolutionNode = FALSE
	EndGlobalSection
	GlobalSection(ExtensibilityGlobals) = postSolution
		SolutionGuid = {7D36D9D5-E793-4E79-92A8-41DBBFCF31D1}
	EndGlobalSection
EndGlobal
